
Microsoft Visual Studio Solution File, Format Version 12.00
# Visual Studio Version 16
VisualStudioVersion = 16.0.29609.76
MinimumVisualStudioVersion = 10.0.40219.1
Project("{FAE04EC0-301F-11D3-BF4B-00C04F79EFBC}") = "BilalUzunVize", "BilalUzunVize\BilalUzunVize.csproj", "{262E9D2D-39C9-4CCE-904E-A889A7D94375}"
EndProject
Global
	GlobalSection(SolutionConfigurationPlatforms) = preSolution
		Debug|Any CPU = Debug|Any CPU
		Release|Any CPU = Release|Any CPU
	EndGlobalSection
	GlobalSection(ProjectConfigurationPlatforms) = postSolution
		{262E9D2D-39C9-4CCE-904E-A889A7D94375}.Debug|Any CPU.ActiveCfg = Debug|Any CPU
		{262E9D2D-39C9-4CCE-904E-A889A7D94375}.Debug|Any CPU.Build.0 = Debug|Any CPU
		{262E9D2D-39C9-4CCE-904E-A889A7D94375}.Release|Any CPU.ActiveCfg = Release|Any CPU
		{262E9D2D-39C9-4CCE-904E-A889A7D94375}.Release|Any CPU.Build.0 = Release|Any CPU
	EndGlobalSection
	GlobalSection(SolutionProperties) = preSolution
		HideSolutionNode = FALSE
	EndGlobalSection
	GlobalSection(ExtensibilityGlobals) = postSolution
		SolutionGuid = {C438175D-807B-4A6A-AC57-D37E17CC860B}
	EndGlobalSection
EndGlobal
